// !$*UTF8*$!
{
	archiveVersion = 1;
	classes = {
	};
	objectVersion = 46;
	objects = {

/* Begin PBXBuildFile section */
		F1F58E311BC6CCF200CBD53A /* main.m in Sources */ = {isa = PBXBuildFile; fileRef = F1F58E301BC6CCF200CBD53A /* main.m */; };
		F1F58E341BC6CCF200CBD53A /* AppDelegate.m in Sources */ = {isa = PBXBuildFile; fileRef = F1F58E331BC6CCF200CBD53A /* AppDelegate.m */; };
		F1F58E371BC6CCF200CBD53A /* ViewController.m in Sources */ = {isa = PBXBuildFile; fileRef = F1F58E361BC6CCF200CBD53A /* ViewController.m */; };
		F1F58E3A1BC6CCF200CBD53A /* Main.storyboard in Resources */ = {isa = PBXBuildFile; fileRef = F1F58E381BC6CCF200CBD53A /* Main.storyboard */; };
		F1F58E3D1BC6CCF200CBD53A /* TestCoreData.xcdatamodeld in Sources */ = {isa = PBXBuildFile; fileRef = F1F58E3B1BC6CCF200CBD53A /* TestCoreData.xcdatamodeld */; };
		F1F58E3F1BC6CCF200CBD53A /* Assets.xcassets in Resources */ = {isa = PBXBuildFile; fileRef = F1F58E3E1BC6CCF200CBD53A /* Assets.xcassets */; };
		F1F58E421BC6CCF200CBD53A /* LaunchScreen.storyboard in Resources */ = {isa = PBXBuildFile; fileRef = F1F58E401BC6CCF200CBD53A /* LaunchScreen.storyboard */; };
		F1F58E4D1BC6CCF200CBD53A /* TestCoreDataTests.m in Sources */ = {isa = PBXBuildFile; fileRef = F1F58E4C1BC6CCF200CBD53A /* TestCoreDataTests.m */; };
		F1F58E581BC6CCF200CBD53A /* TestCoreDataUITests.m in Sources */ = {isa = PBXBuildFile; fileRef = F1F58E571BC6CCF200CBD53A /* TestCoreDataUITests.m */; };
		F1F58E6D1BC706E500CBD53A /* User+CoreDataProperties.m in Sources */ = {isa = PBXBuildFile; fileRef = F1F58E661BC706E500CBD53A /* User+CoreDataProperties.m */; settings = {ASSET_TAGS = (); }; };
		F1F58E6E1BC706E500CBD53A /* User.m in Sources */ = {isa = PBXBuildFile; fileRef = F1F58E681BC706E500CBD53A /* User.m */; settings = {ASSET_TAGS = (); }; };
		F1F58E6F1BC706E500CBD53A /* Photo+CoreDataProperties.m in Sources */ = {isa = PBXBuildFile; fileRef = F1F58E6A1BC706E500CBD53A /* Photo+CoreDataProperties.m */; settings = {ASSET_TAGS = (); }; };
		F1F58E701BC706E500CBD53A /* Photo.m in Sources */ = {isa = PBXBuildFile; fileRef = F1F58E6C1BC706E500CBD53A /* Photo.m */; settings = {ASSET_TAGS = (); }; };
		F1F58E731BC7085300CBD53A /* User+Create.m in Sources */ = {isa = PBXBuildFile; fileRef = F1F58E721BC7085300CBD53A /* User+Create.m */; settings = {ASSET_TAGS = (); }; };
/* End PBXBuildFile section */

/* Begin PBXContainerItemProxy section */
		F1F58E491BC6CCF200CBD53A /* PBXContainerItemProxy */ = {
			isa = PBXContainerItemProxy;
			containerPortal = F1F58E241BC6CCF200CBD53A /* Project object */;
			proxyType = 1;
			remoteGlobalIDString = F1F58E2B1BC6CCF200CBD53A;
			remoteInfo = TestCoreData;
		};
		F1F58E541BC6CCF200CBD53A /* PBXContainerItemProxy */ = {
			isa = PBXContainerItemProxy;
			containerPortal = F1F58E241BC6CCF200CBD53A /* Project object */;
			proxyType = 1;
			remoteGlobalIDString = F1F58E2B1BC6CCF200CBD53A;
			remoteInfo = TestCoreData;
		};
/* End PBXContainerItemProxy section */

/* Begin PBXFileReference section */
		F1F58E2C1BC6CCF200CBD53A /* TestCoreData.app */ = {isa = PBXFileReference; explicitFileType = wrapper.application; includeInIndex = 0; path = TestCoreData.app; sourceTree = BUILT_PRODUCTS_DIR; };
		F1F58E301BC6CCF200CBD53A /* main.m */ = {isa = PBXFileReference; lastKnownFileType = sourcecode.c.objc; path = main.m; sourceTree = "<group>"; };
		F1F58E321BC6CCF200CBD53A /* AppDelegate.h */ = {isa = PBXFileReference; lastKnownFileType = sourcecode.c.h; path = AppDelegate.h; sourceTree = "<group>"; };
		F1F58E331BC6CCF200CBD53A /* AppDelegate.m */ = {isa = PBXFileReference; lastKnownFileType = sourcecode.c.objc; path = AppDelegate.m; sourceTree = "<group>"; };
		F1F58E351BC6CCF200CBD53A /* ViewController.h */ = {isa = PBXFileReference; lastKnownFileType = sourcecode.c.h; path = ViewController.h; sourceTree = "<group>"; };
		F1F58E361BC6CCF200CBD53A /* ViewController.m */ = {isa = PBXFileReference; lastKnownFileType = sourcecode.c.objc; path = ViewController.m; sourceTree = "<group>"; };
		F1F58E391BC6CCF200CBD53A /* Base */ = {isa = PBXFileReference; lastKnownFileType = file.storyboard; name = Base; path = Base.lproj/Main.storyboard; sourceTree = "<group>"; };
		F1F58E3C1BC6CCF200CBD53A /* TestCoreData.xcdatamodel */ = {isa = PBXFileReference; lastKnownFileType = wrapper.xcdatamodel; path = TestCoreData.xcdatamodel; sourceTree = "<group>"; };
		F1F58E3E1BC6CCF200CBD53A /* Assets.xcassets */ = {isa = PBXFileReference; lastKnownFileType = folder.assetcatalog; path = Assets.xcassets; sourceTree = "<group>"; };
		F1F58E411BC6CCF200CBD53A /* Base */ = {isa = PBXFileReference; lastKnownFileType = file.storyboard; name = Base; path = Base.lproj/LaunchScreen.storyboard; sourceTree = "<group>"; };
		F1F58E431BC6CCF200CBD53A /* Info.plist */ = {isa = PBXFileReference; lastKnownFileType = text.plist.xml; path = Info.plist; sourceTree = "<group>"; };
		F1F58E481BC6CCF200CBD53A /* TestCoreDataTests.xctest */ = {isa = PBXFileReference; explicitFileType = wrapper.cfbundle; includeInIndex = 0; path = TestCoreDataTests.xctest; sourceTree = BUILT_PRODUCTS_DIR; };
		F1F58E4C1BC6CCF200CBD53A /* TestCoreDataTests.m */ = {isa = PBXFileReference; lastKnownFileType = sourcecode.c.objc; path = TestCoreDataTests.m; sourceTree = "<group>"; };
		F1F58E4E1BC6CCF200CBD53A /* Info.plist */ = {isa = PBXFileReference; lastKnownFileType = text.plist.xml; path = Info.plist; sourceTree = "<group>"; };
		F1F58E531BC6CCF200CBD53A /* TestCoreDataUITests.xctest */ = {isa = PBXFileReference; explicitFileType = wrapper.cfbundle; includeInIndex = 0; path = TestCoreDataUITests.xctest; sourceTree = BUILT_PRODUCTS_DIR; };
		F1F58E571BC6CCF200CBD53A /* TestCoreDataUITests.m */ = {isa = PBXFileReference; lastKnownFileType = sourcecode.c.objc; path = TestCoreDataUITests.m; sourceTree = "<group>"; };
		F1F58E591BC6CCF200CBD53A /* Info.plist */ = {isa = PBXFileReference; lastKnownFileType = text.plist.xml; path = Info.plist; sourceTree = "<group>"; };
		F1F58E651BC706E500CBD53A /* User+CoreDataProperties.h */ = {isa = PBXFileReference; fileEncoding = 4; lastKnownFileType = sourcecode.c.h; path = "User+CoreDataProperties.h"; sourceTree = "<group>"; };
		F1F58E661BC706E500CBD53A /* User+CoreDataProperties.m */ = {isa = PBXFileReference; fileEncoding = 4; lastKnownFileType = sourcecode.c.objc; path = "User+CoreDataProperties.m"; sourceTree = "<group>"; };
		F1F58E671BC706E500CBD53A /* User.h */ = {isa = PBXFileReference; fileEncoding = 4; lastKnownFileType = sourcecode.c.h; path = User.h; sourceTree = "<group>"; };
		F1F58E681BC706E500CBD53A /* User.m */ = {isa = PBXFileReference; fileEncoding = 4; lastKnownFileType = sourcecode.c.objc; path = User.m; sourceTree = "<group>"; };
		F1F58E691BC706E500CBD53A /* Photo+CoreDataProperties.h */ = {isa = PBXFileReference; fileEncoding = 4; lastKnownFileType = sourcecode.c.h; path = "Photo+CoreDataProperties.h"; sourceTree = "<group>"; };
		F1F58E6A1BC706E500CBD53A /* Photo+CoreDataProperties.m */ = {isa = PBXFileReference; fileEncoding = 4; lastKnownFileType = sourcecode.c.objc; path = "Photo+CoreDataProperties.m"; sourceTree = "<group>"; };
		F1F58E6B1BC706E500CBD53A /* Photo.h */ = {isa = PBXFileReference; fileEncoding = 4; lastKnownFileType = sourcecode.c.h; path = Photo.h; sourceTree = "<group>"; };
		F1F58E6C1BC706E500CBD53A /* Photo.m */ = {isa = PBXFileReference; fileEncoding = 4; lastKnownFileType = sourcecode.c.objc; path = Photo.m; sourceTree = "<group>"; };
		F1F58E711BC7085300CBD53A /* User+Create.h */ = {isa = PBXFileReference; fileEncoding = 4; lastKnownFileType = sourcecode.c.h; path = "User+Create.h"; sourceTree = "<group>"; };
		F1F58E721BC7085300CBD53A /* User+Create.m */ = {isa = PBXFileReference; fileEncoding = 4; lastKnownFileType = sourcecode.c.objc; path = "User+Create.m"; sourceTree = "<group>"; };
/* End PBXFileReference section */

/* Begin PBXFrameworksBuildPhase section */
		F1F58E291BC6CCF200CBD53A /* Frameworks */ = {
			isa = PBXFrameworksBuildPhase;
			buildActionMask = 2147483647;
			files = (
			);
			runOnlyForDeploymentPostprocessing = 0;
		};
		F1F58E451BC6CCF200CBD53A /* Frameworks */ = {
			isa = PBXFrameworksBuildPhase;
			buildActionMask = 2147483647;
			files = (
			);
			runOnlyForDeploymentPostprocessing = 0;
		};
		F1F58E501BC6CCF200CBD53A /* Frameworks */ = {
			isa = PBXFrameworksBuildPhase;
			buildActionMask = 2147483647;
			files = (
			);
			runOnlyForDeploymentPostprocessing = 0;
		};
/* End PBXFrameworksBuildPhase section */

/* Begin PBXGroup section */
		F1F58E231BC6CCF200CBD53A = {
			isa = PBXGroup;
			children = (
				F1F58E2E1BC6CCF200CBD53A /* TestCoreData */,
				F1F58E4B1BC6CCF200CBD53A /* TestCoreDataTests */,
				F1F58E561BC6CCF200CBD53A /* TestCoreDataUITests */,
				F1F58E2D1BC6CCF200CBD53A /* Products */,
			);
			sourceTree = "<group>";
		};
		F1F58E2D1BC6CCF200CBD53A /* Products */ = {
			isa = PBXGroup;
			children = (
				F1F58E2C1BC6CCF200CBD53A /* TestCoreData.app */,
				F1F58E481BC6CCF200CBD53A /* TestCoreDataTests.xctest */,
				F1F58E531BC6CCF200CBD53A /* TestCoreDataUITests.xctest */,
			);
			name = Products;
			sourceTree = "<group>";
		};
		F1F58E2E1BC6CCF200CBD53A /* TestCoreData */ = {
			isa = PBXGroup;
			children = (
				F1F58E651BC706E500CBD53A /* User+CoreDataProperties.h */,
				F1F58E661BC706E500CBD53A /* User+CoreDataProperties.m */,
				F1F58E711BC7085300CBD53A /* User+Create.h */,
				F1F58E721BC7085300CBD53A /* User+Create.m */,
				F1F58E671BC706E500CBD53A /* User.h */,
				F1F58E681BC706E500CBD53A /* User.m */,
				F1F58E691BC706E500CBD53A /* Photo+CoreDataProperties.h */,
				F1F58E6A1BC706E500CBD53A /* Photo+CoreDataProperties.m */,
				F1F58E6B1BC706E500CBD53A /* Photo.h */,
				F1F58E6C1BC706E500CBD53A /* Photo.m */,
				F1F58E321BC6CCF200CBD53A /* AppDelegate.h */,
				F1F58E331BC6CCF200CBD53A /* AppDelegate.m */,
				F1F58E351BC6CCF200CBD53A /* ViewController.h */,
				F1F58E361BC6CCF200CBD53A /* ViewController.m */,
				F1F58E381BC6CCF200CBD53A /* Main.storyboard */,
				F1F58E3E1BC6CCF200CBD53A /* Assets.xcassets */,
				F1F58E401BC6CCF200CBD53A /* LaunchScreen.storyboard */,
				F1F58E431BC6CCF200CBD53A /* Info.plist */,
				F1F58E3B1BC6CCF200CBD53A /* TestCoreData.xcdatamodeld */,
				F1F58E2F1BC6CCF200CBD53A /* Supporting Files */,
			);
			path = TestCoreData;
			sourceTree = "<group>";
		};
		F1F58E2F1BC6CCF200CBD53A /* Supporting Files */ = {
			isa = PBXGroup;
			children = (
				F1F58E301BC6CCF200CBD53A /* main.m */,
			);
			name = "Supporting Files";
			sourceTree = "<group>";
		};
		F1F58E4B1BC6CCF200CBD53A /* TestCoreDataTests */ = {
			isa = PBXGroup;
			children = (
				F1F58E4C1BC6CCF200CBD53A /* TestCoreDataTests.m */,
				F1F58E4E1BC6CCF200CBD53A /* Info.plist */,
			);
			path = TestCoreDataTests;
			sourceTree = "<group>";
		};
		F1F58E561BC6CCF200CBD53A /* TestCoreDataUITests */ = {
			isa = PBXGroup;
			children = (
				F1F58E571BC6CCF200CBD53A /* TestCoreDataUITests.m */,
				F1F58E591BC6CCF200CBD53A /* Info.plist */,
			);
			path = TestCoreDataUITests;
			sourceTree = "<group>";
		};
/* End PBXGroup section */

/* Begin PBXNativeTarget section */
		F1F58E2B1BC6CCF200CBD53A /* TestCoreData */ = {
			isa = PBXNativeTarget;
			buildConfigurationList = F1F58E5C1BC6CCF200CBD53A /* Build configuration list for PBXNativeTarget "TestCoreData" */;
			buildPhases = (
				F1F58E281BC6CCF200CBD53A /* Sources */,
				F1F58E291BC6CCF200CBD53A /* Frameworks */,
				F1F58E2A1BC6CCF200CBD53A /* Resources */,
			);
			buildRules = (
			);
			dependencies = (
			);
			name = TestCoreData;
			productName = TestCoreData;
			productReference = F1F58E2C1BC6CCF200CBD53A /* TestCoreData.app */;
			productType = "com.apple.product-type.application";
		};
		F1F58E471BC6CCF200CBD53A /* TestCoreDataTests */ = {
			isa = PBXNativeTarget;
			buildConfigurationList = F1F58E5F1BC6CCF200CBD53A /* Build configuration list for PBXNativeTarget "TestCoreDataTests" */;
			buildPhases = (
				F1F58E441BC6CCF200CBD53A /* Sources */,
				F1F58E451BC6CCF200CBD53A /* Frameworks */,
				F1F58E461BC6CCF200CBD53A /* Resources */,
			);
			buildRules = (
			);
			dependencies = (
				F1F58E4A1BC6CCF200CBD53A /* PBXTargetDependency */,
			);
			name = TestCoreDataTests;
			productName = TestCoreDataTests;
			productReference = F1F58E481BC6CCF200CBD53A /* TestCoreDataTests.xctest */;
			productType = "com.apple.product-type.bundle.unit-test";
		};
		F1F58E521BC6CCF200CBD53A /* TestCoreDataUITests */ = {
			isa = PBXNativeTarget;
			buildConfigurationList = F1F58E621BC6CCF200CBD53A /* Build configuration list for PBXNativeTarget "TestCoreDataUITests" */;
			buildPhases = (
				F1F58E4F1BC6CCF200CBD53A /* Sources */,
				F1F58E501BC6CCF200CBD53A /* Frameworks */,
				F1F58E511BC6CCF200CBD53A /* Resources */,
			);
			buildRules = (
			);
			dependencies = (
				F1F58E551BC6CCF200CBD53A /* PBXTargetDependency */,
			);
			name = TestCoreDataUITests;
			productName = TestCoreDataUITests;
			productReference = F1F58E531BC6CCF200CBD53A /* TestCoreDataUITests.xctest */;
			productType = "com.apple.product-type.bundle.ui-testing";
		};
/* End PBXNativeTarget section */

/* Begin PBXProject section */
		F1F58E241BC6CCF200CBD53A /* Project object */ = {
			isa = PBXProject;
			attributes = {
				LastUpgradeCheck = 0700;
				ORGANIZATIONNAME = TimeSet;
				TargetAttributes = {
					F1F58E2B1BC6CCF200CBD53A = {
						CreatedOnToolsVersion = 7.0.1;
					};
					F1F58E471BC6CCF200CBD53A = {
						CreatedOnToolsVersion = 7.0.1;
						TestTargetID = F1F58E2B1BC6CCF200CBD53A;
					};
					F1F58E521BC6CCF200CBD53A = {
						CreatedOnToolsVersion = 7.0.1;
						TestTargetID = F1F58E2B1BC6CCF200CBD53A;
					};
				};
			};
			buildConfigurationList = F1F58E271BC6CCF200CBD53A /* Build configuration list for PBXProject "TestCoreData" */;
			compatibilityVersion = "Xcode 3.2";
			developmentRegion = English;
			hasScannedForEncodings = 0;
			knownRegions = (
				en,
				Base,
			);
			mainGroup = F1F58E231BC6CCF200CBD53A;
			productRefGroup = F1F58E2D1BC6CCF200CBD53A /* Products */;
			projectDirPath = "";
			projectRoot = "";
			targets = (
				F1F58E2B1BC6CCF200CBD53A /* TestCoreData */,
				F1F58E471BC6CCF200CBD53A /* TestCoreDataTests */,
				F1F58E521BC6CCF200CBD53A /* TestCoreDataUITests */,
			);
		};
/* End PBXProject section */

/* Begin PBXResourcesBuildPhase section */
		F1F58E2A1BC6CCF200CBD53A /* Resources */ = {
			isa = PBXResourcesBuildPhase;
			buildActionMask = 2147483647;
			files = (
				F1F58E421BC6CCF200CBD53A /* LaunchScreen.storyboard in Resources */,
				F1F58E3F1BC6CCF200CBD53A /* Assets.xcassets in Resources */,
				F1F58E3A1BC6CCF200CBD53A /* Main.storyboard in Resources */,
			);
			runOnlyForDeploymentPostprocessing = 0;
		};
		F1F58E461BC6CCF200CBD53A /* Resources */ = {
			isa = PBXResourcesBuildPhase;
			buildActionMask = 2147483647;
			files = (
			);
			runOnlyForDeploymentPostprocessing = 0;
		};
		F1F58E511BC6CCF200CBD53A /* Resources */ = {
			isa = PBXResourcesBuildPhase;
			buildActionMask = 2147483647;
			files = (
			);
			runOnlyForDeploymentPostprocessing = 0;
		};
/* End PBXResourcesBuildPhase section */

/* Begin PBXSourcesBuildPhase section */
		F1F58E281BC6CCF200CBD53A /* Sources */ = {
			isa = PBXSourcesBuildPhase;
			buildActionMask = 2147483647;
			files = (
				F1F58E731BC7085300CBD53A /* User+Create.m in Sources */,
				F1F58E6D1BC706E500CBD53A /* User+CoreDataProperties.m in Sources */,
				F1F58E3D1BC6CCF200CBD53A /* TestCoreData.xcdatamodeld in Sources */,
				F1F58E6E1BC706E500CBD53A /* User.m in Sources */,
				F1F58E6F1BC706E500CBD53A /* Photo+CoreDataProperties.m in Sources */,
				F1F58E701BC706E500CBD53A /* Photo.m in Sources */,
				F1F58E371BC6CCF200CBD53A /* ViewController.m in Sources */,
				F1F58E341BC6CCF200CBD53A /* AppDelegate.m in Sources */,
				F1F58E311BC6CCF200CBD53A /* main.m in Sources */,
			);
			runOnlyForDeploymentPostprocessing = 0;
		};
		F1F58E441BC6CCF200CBD53A /* Sources */ = {
			isa = PBXSourcesBuildPhase;
			buildActionMask = 2147483647;
			files = (
				F1F58E4D1BC6CCF200CBD53A /* TestCoreDataTests.m in Sources */,
			);
			runOnlyForDeploymentPostprocessing = 0;
		};
		F1F58E4F1BC6CCF200CBD53A /* Sources */ = {
			isa = PBXSourcesBuildPhase;
			buildActionMask = 2147483647;
			files = (
				F1F58E581BC6CCF200CBD53A /* TestCoreDataUITests.m in Sources */,
			);
			runOnlyForDeploymentPostprocessing = 0;
		};
/* End PBXSourcesBuildPhase section */

/* Begin PBXTargetDependency section */
		F1F58E4A1BC6CCF200CBD53A /* PBXTargetDependency */ = {
			isa = PBXTargetDependency;
			target = F1F58E2B1BC6CCF200CBD53A /* TestCoreData */;
			targetProxy = F1F58E491BC6CCF200CBD53A /* PBXContainerItemProxy */;
		};
		F1F58E551BC6CCF200CBD53A /* PBXTargetDependency */ = {
			isa = PBXTargetDependency;
			target = F1F58E2B1BC6CCF200CBD53A /* TestCoreData */;
			targetProxy = F1F58E541BC6CCF200CBD53A /* PBXContainerItemProxy */;
		};
/* End PBXTargetDependency section */

/* Begin PBXVariantGroup section */
		F1F58E381BC6CCF200CBD53A /* Main.storyboard */ = {
			isa = PBXVariantGroup;
			children = (
				F1F58E391BC6CCF200CBD53A /* Base */,
			);
			name = Main.storyboard;
			sourceTree = "<group>";
		};
		F1F58E401BC6CCF200CBD53A /* LaunchScreen.storyboard */ = {
			isa = PBXVariantGroup;
			children = (
				F1F58E411BC6CCF200CBD53A /* Base */,
			);
			name = LaunchScreen.storyboard;
			sourceTree = "<group>";
		};
/* End PBXVariantGroup section */

/* Begin XCBuildConfiguration section */
		F1F58E5A1BC6CCF200CBD53A /* Debug */ = {
			isa = XCBuildConfiguration;
			buildSettings = {
				ALWAYS_SEARCH_USER_PATHS = NO;
				CLANG_CXX_LANGUAGE_STANDARD = "gnu++0x";
				CLANG_CXX_LIBRARY = "libc++";
				CLANG_ENABLE_MODULES = YES;
				CLANG_ENABLE_OBJC_ARC = YES;
				CLANG_WARN_BOOL_CONVERSION = YES;
				CLANG_WARN_CONSTANT_CONVERSION = YES;
				CLANG_WARN_DIRECT_OBJC_ISA_USAGE = YES_ERROR;
				CLANG_WARN_EMPTY_BODY = YES;
				CLANG_WARN_ENUM_CONVERSION = YES;
				CLANG_WARN_INT_CONVERSION = YES;
				CLANG_WARN_OBJC_ROOT_CLASS = YES_ERROR;
				CLANG_WARN_UNREACHABLE_CODE = YES;
				CLANG_WARN__DUPLICATE_METHOD_MATCH = YES;
				"CODE_SIGN_IDENTITY[sdk=iphoneos*]" = "iPhone Developer";
				COPY_PHASE_STRIP = NO;
				DEBUG_INFORMATION_FORMAT = dwarf;
				ENABLE_STRICT_OBJC_MSGSEND = YES;
				ENABLE_TESTABILITY = YES;
				GCC_C_LANGUAGE_STANDARD = gnu99;
				GCC_DYNAMIC_NO_PIC = NO;
				GCC_NO_COMMON_BLOCKS = YES;
				GCC_OPTIMIZATION_LEVEL = 0;
				GCC_PREPROCESSOR_DEFINITIONS = (
					"DEBUG=1",
					"$(inherited)",
				);
				GCC_WARN_64_TO_32_BIT_CONVERSION = YES;
				GCC_WARN_ABOUT_RETURN_TYPE = YES_ERROR;
				GCC_WARN_UNDECLARED_SELECTOR = YES;
				GCC_WARN_UNINITIALIZED_AUTOS = YES_AGGRESSIVE;
				GCC_WARN_UNUSED_FUNCTION = YES;
				GCC_WARN_UNUSED_VARIABLE = YES;
				IPHONEOS_DEPLOYMENT_TARGET = 9.0;
				MTL_ENABLE_DEBUG_INFO = YES;
				ONLY_ACTIVE_ARCH = YES;
				SDKROOT = iphoneos;
				TARGETED_DEVICE_FAMILY = "1,2";
			};
			name = Debug;
		};
		F1F58E5B1BC6CCF200CBD53A /* Release */ = {
			isa = XCBuildConfiguration;
			buildSettings = {
				ALWAYS_SEARCH_USER_PATHS = NO;
				CLANG_CXX_LANGUAGE_STANDARD = "gnu++0x";
				CLANG_CXX_LIBRARY = "libc++";
				CLANG_ENABLE_MODULES = YES;
				CLANG_ENABLE_OBJC_ARC = YES;
				CLANG_WARN_BOOL_CONVERSION = YES;
				CLANG_WARN_CONSTANT_CONVERSION = YES;
				CLANG_WARN_DIRECT_OBJC_ISA_USAGE = YES_ERROR;
				CLANG_WARN_EMPTY_BODY = YES;
				CLANG_WARN_ENUM_CONVERSION = YES;
				CLANG_WARN_INT_CONVERSION = YES;
				CLANG_WARN_OBJC_ROOT_CLASS = YES_ERROR;
				CLANG_WARN_UNREACHABLE_CODE = YES;
				CLANG_WARN__DUPLICATE_METHOD_MATCH = YES;
				"CODE_SIGN_IDENTITY[sdk=iphoneos*]" = "iPhone Developer";
				COPY_PHASE_STRIP = NO;
				DEBUG_INFORMATION_FORMAT = "dwarf-with-dsym";
				ENABLE_NS_ASSERTIONS = NO;
				ENABLE_STRICT_OBJC_MSGSEND = YES;
				GCC_C_LANGUAGE_STANDARD = gnu99;
				GCC_NO_COMMON_BLOCKS = YES;
				GCC_WARN_64_TO_32_BIT_CONVERSION = YES;
				GCC_WARN_ABOUT_RETURN_TYPE = YES_ERROR;
				GCC_WARN_UNDECLARED_SELECTOR = YES;
				GCC_WARN_UNINITIALIZED_AUTOS = YES_AGGRESSIVE;
				GCC_WARN_UNUSED_FUNCTION = YES;
				GCC_WARN_UNUSED_VARIABLE = YES;
				IPHONEOS_DEPLOYMENT_TARGET = 9.0;
				MTL_ENABLE_DEBUG_INFO = NO;
				SDKROOT = iphoneos;
				TARGETED_DEVICE_FAMILY = "1,2";
				VALIDATE_PRODUCT = YES;
			};
			name = Release;
		};
		F1F58E5D1BC6CCF200CBD53A /* Debug */ = {
			isa = XCBuildConfiguration;
			buildSettings = {
				ASSETCATALOG_COMPILER_APPICON_NAME = AppIcon;
				INFOPLIST_FILE = TestCoreData/Info.plist;
				LD_RUNPATH_SEARCH_PATHS = "$(inherited) @executable_path/Frameworks";
				PRODUCT_BUNDLE_IDENTIFIER = com.timeset.TestCoreData;
				PRODUCT_NAME = "$(TARGET_NAME)";
			};
			name = Debug;
		};
		F1F58E5E1BC6CCF200CBD53A /* Release */ = {
			isa = XCBuildConfiguration;
			buildSettings = {
				ASSETCATALOG_COMPILER_APPICON_NAME = AppIcon;
				INFOPLIST_FILE = TestCoreData/Info.plist;
				LD_RUNPATH_SEARCH_PATHS = "$(inherited) @executable_path/Frameworks";
				PRODUCT_BUNDLE_IDENTIFIER = com.timeset.TestCoreData;
				PRODUCT_NAME = "$(TARGET_NAME)";
			};
			name = Release;
		};
		F1F58E601BC6CCF200CBD53A /* Debug */ = {
			isa = XCBuildConfiguration;
			buildSettings = {
				BUNDLE_LOADER = "$(TEST_HOST)";
				INFOPLIST_FILE = TestCoreDataTests/Info.plist;
				LD_RUNPATH_SEARCH_PATHS = "$(inherited) @executable_path/Frameworks @loader_path/Frameworks";
				PRODUCT_BUNDLE_IDENTIFIER = com.timeset.TestCoreDataTests;
				PRODUCT_NAME = "$(TARGET_NAME)";
				TEST_HOST = "$(BUILT_PRODUCTS_DIR)/TestCoreData.app/TestCoreData";
			};
			name = Debug;
		};
		F1F58E611BC6CCF200CBD53A /* Release */ = {
			isa = XCBuildConfiguration;
			buildSettings = {
				BUNDLE_LOADER = "$(TEST_HOST)";
				INFOPLIST_FILE = TestCoreDataTests/Info.plist;
				LD_RUNPATH_SEARCH_PATHS = "$(inherited) @executable_path/Frameworks @loader_path/Frameworks";
				PRODUCT_BUNDLE_IDENTIFIER = com.timeset.TestCoreDataTests;
				PRODUCT_NAME = "$(TARGET_NAME)";
				TEST_HOST = "$(BUILT_PRODUCTS_DIR)/TestCoreData.app/TestCoreData";
			};
			name = Release;
		};
		F1F58E631BC6CCF200CBD53A /* Debug */ = {
			isa = XCBuildConfiguration;
			buildSettings = {
				INFOPLIST_FILE = TestCoreDataUITests/Info.plist;
				LD_RUNPATH_SEARCH_PATHS = "$(inherited) @executable_path/Frameworks @loader_path/Frameworks";
				PRODUCT_BUNDLE_IDENTIFIER = com.timeset.TestCoreDataUITests;
				PRODUCT_NAME = "$(TARGET_NAME)";
				TEST_TARGET_NAME = TestCoreData;
				USES_XCTRUNNER = YES;
			};
			name = Debug;
		};
		F1F58E641BC6CCF200CBD53A /* Release */ = {
			isa = XCBuildConfiguration;
			buildSettings = {
				INFOPLIST_FILE = TestCoreDataUITests/Info.plist;
				LD_RUNPATH_SEARCH_PATHS = "$(inherited) @executable_path/Frameworks @loader_path/Frameworks";
				PRODUCT_BUNDLE_IDENTIFIER = com.timeset.TestCoreDataUITests;
				PRODUCT_NAME = "$(TARGET_NAME)";
				TEST_TARGET_NAME = TestCoreData;
				USES_XCTRUNNER = YES;
			};
			name = Release;
		};
/* End XCBuildConfiguration section */

/* Begin XCConfigurationList section */
		F1F58E271BC6CCF200CBD53A /* Build configuration list for PBXProject "TestCoreData" */ = {
			isa = XCConfigurationList;
			buildConfigurations = (
				F1F58E5A1BC6CCF200CBD53A /* Debug */,
				F1F58E5B1BC6CCF200CBD53A /* Release */,
			);
			defaultConfigurationIsVisible = 0;
			defaultConfigurationName = Release;
		};
		F1F58E5C1BC6CCF200CBD53A /* Build configuration list for PBXNativeTarget "TestCoreData" */ = {
			isa = XCConfigurationList;
			buildConfigurations = (
				F1F58E5D1BC6CCF200CBD53A /* Debug */,
				F1F58E5E1BC6CCF200CBD53A /* Release */,
			);
			defaultConfigurationIsVisible = 0;
		};
		F1F58E5F1BC6CCF200CBD53A /* Build configuration list for PBXNativeTarget "TestCoreDataTests" */ = {
			isa = XCConfigurationList;
			buildConfigurations = (
				F1F58E601BC6CCF200CBD53A /* Debug */,
				F1F58E611BC6CCF200CBD53A /* Release */,
			);
			defaultConfigurationIsVisible = 0;
		};
		F1F58E621BC6CCF200CBD53A /* Build configuration list for PBXNativeTarget "TestCoreDataUITests" */ = {
			isa = XCConfigurationList;
			buildConfigurations = (
				F1F58E631BC6CCF200CBD53A /* Debug */,
				F1F58E641BC6CCF200CBD53A /* Release */,
			);
			defaultConfigurationIsVisible = 0;
		};
/* End XCConfigurationList section */

/* Begin XCVersionGroup section */
		F1F58E3B1BC6CCF200CBD53A /* TestCoreData.xcdatamodeld */ = {
			isa = XCVersionGroup;
			children = (
				F1F58E3C1BC6CCF200CBD53A /* TestCoreData.xcdatamodel */,
			);
			currentVersion = F1F58E3C1BC6CCF200CBD53A /* TestCoreData.xcdatamodel */;
			path = TestCoreData.xcdatamodeld;
			sourceTree = "<group>";
			versionGroupType = wrapper.xcdatamodel;
		};
/* End XCVersionGroup section */
	};
	rootObject = F1F58E241BC6CCF200CBD53A /* Project object */;
}
